
Microsoft Visual Studio Solution File, Format Version 12.00
# Visual Studio 15
VisualStudioVersion = 15.0.28010.2016
MinimumVisualStudioVersion = 10.0.40219.1
Project("{8BC9CEB8-8B4A-11D0-8D11-00A0C91BC942}") = "WhackACritter", "WhackACritter.vcxproj", "{F7FB56F3-B2A3-4DFF-9AAB-A9542134C108}"
EndProject
Global
	GlobalSection(SolutionConfigurationPlatforms) = preSolution
		Debug|x64 = Debug|x64
		Debug|x86 = Debug|x86
		Release|x64 = Release|x64
		Release|x86 = Release|x86
	EndGlobalSection
	GlobalSection(ProjectConfigurationPlatforms) = postSolution
		{F7FB56F3-B2A3-4DFF-9AAB-A9542134C108}.Debug|x64.ActiveCfg = Debug|x64
		{F7FB56F3-B2A3-4DFF-9AAB-A9542134C108}.Debug|x64.Build.0 = Debug|x64
		{F7FB56F3-B2A3-4DFF-9AAB-A9542134C108}.Debug|x86.ActiveCfg = Debug|Win32
		{F7FB56F3-B2A3-4DFF-9AAB-A9542134C108}.Debug|x86.Build.0 = Debug|Win32
		{F7FB56F3-B2A3-4DFF-9AAB-A9542134C108}.Release|x64.ActiveCfg = Release|x64
		{F7FB56F3-B2A3-4DFF-9AAB-A9542134C108}.Release|x64.Build.0 = Release|x64
		{F7FB56F3-B2A3-4DFF-9AAB-A9542134C108}.Release|x86.ActiveCfg = Release|Win32
		{F7FB56F3-B2A3-4DFF-9AAB-A9542134C108}.Release|x86.Build.0 = Release|Win32
	EndGlobalSection
	GlobalSection(SolutionProperties) = preSolution
		HideSolutionNode = FALSE
	EndGlobalSection
	GlobalSection(ExtensibilityGlobals) = postSolution
		SolutionGuid = {43BF0A1A-C619-49B0-A592-DB8F1B02B450}
	EndGlobalSection
EndGlobal
